
Microsoft Visual Studio Solution File, Format Version 12.00
# Visual Studio 2012
Project("{FAE04EC0-301F-11D3-BF4B-00C04F79EFBC}") = "Visor.LanguageService", "Visor.LanguageService\Visor.LanguageService.csproj", "{DE6EFB8D-1889-46CF-B343-0E27D37BCDE0}"
EndProject
Project("{FAE04EC0-301F-11D3-BF4B-00C04F79EFBC}") = "Visor", "Visor\Visor.csproj", "{BE899615-948C-4334-A02B-611473955022}"
EndProject
Global
	GlobalSection(SolutionConfigurationPlatforms) = preSolution
		Debug|Any CPU = Debug|Any CPU
		Release|Any CPU = Release|Any CPU
	EndGlobalSection
	GlobalSection(ProjectConfigurationPlatforms) = postSolution
		{DE6EFB8D-1889-46CF-B343-0E27D37BCDE0}.Debug|Any CPU.ActiveCfg = Debug|Any CPU
		{DE6EFB8D-1889-46CF-B343-0E27D37BCDE0}.Debug|Any CPU.Build.0 = Debug|Any CPU
		{DE6EFB8D-1889-46CF-B343-0E27D37BCDE0}.Release|Any CPU.ActiveCfg = Release|Any CPU
		{DE6EFB8D-1889-46CF-B343-0E27D37BCDE0}.Release|Any CPU.Build.0 = Release|Any CPU
		{BE899615-948C-4334-A02B-611473955022}.Debug|Any CPU.ActiveCfg = Debug|Any CPU
		{BE899615-948C-4334-A02B-611473955022}.Debug|Any CPU.Build.0 = Debug|Any CPU
		{BE899615-948C-4334-A02B-611473955022}.Release|Any CPU.ActiveCfg = Release|Any CPU
		{BE899615-948C-4334-A02B-611473955022}.Release|Any CPU.Build.0 = Release|Any CPU
	EndGlobalSection
	GlobalSection(SolutionProperties) = preSolution
		HideSolutionNode = FALSE
	EndGlobalSection
EndGlobal
